
Microsoft Visual Studio Solution File, Format Version 12.00
# Visual Studio Version 17
VisualStudioVersion = 17.5.33502.453
MinimumVisualStudioVersion = 10.0.40219.1
Project("{9A19103F-16F7-4668-BE54-9A1E7A4F7556}") = "CongApp", "CongApp\CongApp.csproj", "{3C402B05-85EF-4AF6-A6E3-2F1D47844CE1}"
EndProject
Global
	GlobalSection(SolutionConfigurationPlatforms) = preSolution
		Debug|Any CPU = Debug|Any CPU
		Release|Any CPU = Release|Any CPU
	EndGlobalSection
	GlobalSection(ProjectConfigurationPlatforms) = postSolution
		{3C402B05-85EF-4AF6-A6E3-2F1D47844CE1}.Debug|Any CPU.ActiveCfg = Debug|Any CPU
		{3C402B05-85EF-4AF6-A6E3-2F1D47844CE1}.Debug|Any CPU.Build.0 = Debug|Any CPU
		{3C402B05-85EF-4AF6-A6E3-2F1D47844CE1}.Release|Any CPU.ActiveCfg = Release|Any CPU
		{3C402B05-85EF-4AF6-A6E3-2F1D47844CE1}.Release|Any CPU.Build.0 = Release|Any CPU
	EndGlobalSection
	GlobalSection(SolutionProperties) = preSolution
		HideSolutionNode = FALSE
	EndGlobalSection
	GlobalSection(ExtensibilityGlobals) = postSolution
		SolutionGuid = {7933F08B-3939-46B1-93E5-71410DB58A92}
	EndGlobalSection
EndGlobal
